
Microsoft Visual Studio Solution File, Format Version 12.00
# Visual Studio Version 17
VisualStudioVersion = 17.3.32825.248
MinimumVisualStudioVersion = 10.0.40219.1
Project("{FAE04EC0-301F-11D3-BF4B-00C04F79EFBC}") = "PL", "PL\PL.csproj", "{22BB5A29-F1A2-4195-843D-11D374012E5B}"
EndProject
Project("{FAE04EC0-301F-11D3-BF4B-00C04F79EFBC}") = "ML", "ML\ML.csproj", "{C15B6984-6B89-4E1F-8EC8-C999826D72DE}"
EndProject
Global
	GlobalSection(SolutionConfigurationPlatforms) = preSolution
		Debug|Any CPU = Debug|Any CPU
		Release|Any CPU = Release|Any CPU
	EndGlobalSection
	GlobalSection(ProjectConfigurationPlatforms) = postSolution
		{22BB5A29-F1A2-4195-843D-11D374012E5B}.Debug|Any CPU.ActiveCfg = Debug|Any CPU
		{22BB5A29-F1A2-4195-843D-11D374012E5B}.Debug|Any CPU.Build.0 = Debug|Any CPU
		{22BB5A29-F1A2-4195-843D-11D374012E5B}.Release|Any CPU.ActiveCfg = Release|Any CPU
		{22BB5A29-F1A2-4195-843D-11D374012E5B}.Release|Any CPU.Build.0 = Release|Any CPU
		{C15B6984-6B89-4E1F-8EC8-C999826D72DE}.Debug|Any CPU.ActiveCfg = Debug|Any CPU
		{C15B6984-6B89-4E1F-8EC8-C999826D72DE}.Debug|Any CPU.Build.0 = Debug|Any CPU
		{C15B6984-6B89-4E1F-8EC8-C999826D72DE}.Release|Any CPU.ActiveCfg = Release|Any CPU
		{C15B6984-6B89-4E1F-8EC8-C999826D72DE}.Release|Any CPU.Build.0 = Release|Any CPU
	EndGlobalSection
	GlobalSection(SolutionProperties) = preSolution
		HideSolutionNode = FALSE
	EndGlobalSection
	GlobalSection(ExtensibilityGlobals) = postSolution
		SolutionGuid = {8EB12CB8-ABA5-41A5-803F-7ACFA10196FB}
	EndGlobalSection
EndGlobal
